# This file is automatically @generated by Cargo.
# It is not intended for manual editing.
[[package]]
name = "aho-corasick"
version = "0.7.13"
source = "registry+https://github.com/rust-lang/crates.io-index"
checksum = "043164d8ba5c4c3035fec9bbee8647c0261d788f3474306f93bb65901cae0e86"
dependencies = [
 "memchr",
]

[[package]]
name = "autocfg"
version = "1.0.1"
source = "registry+https://github.com/rust-lang/crates.io-index"
checksum = "cdb031dd78e28731d87d56cc8ffef4a8f36ca26c38fe2de700543e627f8a464a"

[[package]]
name = "cfg-if"
version = "0.1.10"
source = "registry+https://github.com/rust-lang/crates.io-index"
checksum = "4785bdd1c96b2a846b2bd7cc02e86b6b3dbf14e7e53446c4f54c92a361040822"

[[package]]
name = "config"
version = "0.9.3"
source = "registry+https://github.com/rust-lang/crates.io-index"
checksum = "f9107d78ed62b3fa5a86e7d18e647abed48cfd8f8fab6c72f4cdb982d196f7e6"
dependencies = [
 "lazy_static 1.4.0",
 "nom",
 "rust-ini",
 "serde 1.0.116",
 "serde-hjson",
 "serde_json",
 "toml 0.4.10",
 "yaml-rust",
]

[[package]]
name = "getrandom"
version = "0.1.15"
source = "registry+https://github.com/rust-lang/crates.io-index"
checksum = "fc587bc0ec293155d5bfa6b9891ec18a1e330c234f896ea47fbada4cadbe47e6"
dependencies = [
 "cfg-if",
 "libc",
 "wasi",
]

[[package]]
name = "glob"
version = "0.3.0"
source = "registry+https://github.com/rust-lang/crates.io-index"
checksum = "9b919933a397b79c37e33b77bb2aa3dc8eb6e165ad809e58ff75bc7db2e34574"

[[package]]
name = "itoa"
version = "0.4.6"
source = "registry+https://github.com/rust-lang/crates.io-index"
checksum = "dc6f3ad7b9d11a0c00842ff8de1b60ee58661048eb8049ed33c73594f359d7e6"

[[package]]
name = "lazy_static"
version = "0.2.11"
source = "registry+https://github.com/rust-lang/crates.io-index"
checksum = "76f033c7ad61445c5b347c7382dd1237847eb1bce590fe50365dcb33d546be73"

[[package]]
name = "lazy_static"
version = "1.4.0"
source = "registry+https://github.com/rust-lang/crates.io-index"
checksum = "e2abad23fbc42b3700f2f279844dc832adb2b2eb069b2df918f455c4e18cc646"

[[package]]
name = "libc"
version = "0.2.77"
source = "registry+https://github.com/rust-lang/crates.io-index"
checksum = "f2f96b10ec2560088a8e76961b00d47107b3a625fecb76dedb29ee7ccbf98235"

[[package]]
name = "linked-hash-map"
version = "0.3.0"
source = "registry+https://github.com/rust-lang/crates.io-index"
checksum = "6d262045c5b87c0861b3f004610afd0e2c851e2908d08b6c870cbb9d5f494ecd"
dependencies = [
 "serde 0.8.23",
 "serde_test",
]

[[package]]
name = "linked-hash-map"
version = "0.5.3"
source = "registry+https://github.com/rust-lang/crates.io-index"
checksum = "8dd5a6d5999d9907cda8ed67bbd137d3af8085216c2ac62de5be860bd41f304a"

[[package]]
name = "log"
version = "0.4.11"
source = "registry+https://github.com/rust-lang/crates.io-index"
checksum = "4fabed175da42fed1fa0746b0ea71f412aa9d35e76e95e59b192c64b9dc2bf8b"
dependencies = [
 "cfg-if",
]

[[package]]
name = "memchr"
version = "2.3.3"
source = "registry+https://github.com/rust-lang/crates.io-index"
checksum = "3728d817d99e5ac407411fa471ff9800a778d88a24685968b36824eaf4bee400"

[[package]]
name = "nom"
version = "4.2.3"
source = "registry+https://github.com/rust-lang/crates.io-index"
checksum = "2ad2a91a8e869eeb30b9cb3119ae87773a8f4ae617f41b1eb9c154b2905f7bd6"
dependencies = [
 "memchr",
 "version_check",
]

[[package]]
name = "num-traits"
version = "0.1.43"
source = "registry+https://github.com/rust-lang/crates.io-index"
checksum = "92e5113e9fd4cc14ded8e499429f396a20f98c772a47cc8622a736e1ec843c31"
dependencies = [
 "num-traits 0.2.12",
]

[[package]]
name = "num-traits"
version = "0.2.12"
source = "registry+https://github.com/rust-lang/crates.io-index"
checksum = "ac267bcc07f48ee5f8935ab0d24f316fb722d7a1292e2913f0cc196b29ffd611"
dependencies = [
 "autocfg",
]

[[package]]
name = "ppv-lite86"
version = "0.2.9"
source = "registry+https://github.com/rust-lang/crates.io-index"
checksum = "c36fa947111f5c62a733b652544dd0016a43ce89619538a8ef92724a6f501a20"

[[package]]
name = "proc-macro2"
version = "1.0.23"
source = "registry+https://github.com/rust-lang/crates.io-index"
checksum = "51ef7cd2518ead700af67bf9d1a658d90b6037d77110fd9c0445429d0ba1c6c9"
dependencies = [
 "unicode-xid",
]

[[package]]
name = "prusti-common"
version = "0.1.0"
dependencies = [
 "config",
 "lazy_static 1.4.0",
 "log",
 "regex",
 "serde 1.0.116",
 "uuid",
]

[[package]]
name = "prusti-contracts"
version = "0.1.0"
dependencies = [
 "prusti-contracts-impl",
 "prusti-contracts-internal",
 "trybuild",
]

[[package]]
name = "prusti-contracts-impl"
version = "0.1.0"
dependencies = [
 "prusti-specs",
 "quote",
]

[[package]]
name = "prusti-contracts-internal"
version = "0.1.0"
dependencies = [
 "proc-macro2",
 "prusti-specs",
]

[[package]]
name = "prusti-specs"
version = "0.1.0"
dependencies = [
 "proc-macro2",
 "quote",
 "serde 1.0.116",
 "serde_json",
 "syn",
 "uuid",
]

[[package]]
name = "quote"
version = "1.0.7"
source = "registry+https://github.com/rust-lang/crates.io-index"
checksum = "aa563d17ecb180e500da1cfd2b028310ac758de548efdd203e18f283af693f37"
dependencies = [
 "proc-macro2",
]

[[package]]
name = "rand"
version = "0.7.3"
source = "registry+https://github.com/rust-lang/crates.io-index"
checksum = "6a6b1679d49b24bbfe0c803429aa1874472f50d9b363131f0e89fc356b544d03"
dependencies = [
 "getrandom",
 "libc",
 "rand_chacha",
 "rand_core",
 "rand_hc",
]

[[package]]
name = "rand_chacha"
version = "0.2.2"
source = "registry+https://github.com/rust-lang/crates.io-index"
checksum = "f4c8ed856279c9737206bf725bf36935d8666ead7aa69b52be55af369d193402"
dependencies = [
 "ppv-lite86",
 "rand_core",
]

[[package]]
name = "rand_core"
version = "0.5.1"
source = "registry+https://github.com/rust-lang/crates.io-index"
checksum = "90bde5296fc891b0cef12a6d03ddccc162ce7b2aff54160af9338f8d40df6d19"
dependencies = [
 "getrandom",
]

[[package]]
name = "rand_hc"
version = "0.2.0"
source = "registry+https://github.com/rust-lang/crates.io-index"
checksum = "ca3129af7b92a17112d59ad498c6f81eaf463253766b90396d39ea7a39d6613c"
dependencies = [
 "rand_core",
]

[[package]]
name = "regex"
version = "1.3.9"
source = "registry+https://github.com/rust-lang/crates.io-index"
checksum = "9c3780fcf44b193bc4d09f36d2a3c87b251da4a046c87795a0d35f4f927ad8e6"
dependencies = [
 "aho-corasick",
 "memchr",
 "regex-syntax",
 "thread_local",
]

[[package]]
name = "regex-syntax"
version = "0.6.18"
source = "registry+https://github.com/rust-lang/crates.io-index"
checksum = "26412eb97c6b088a6997e05f69403a802a92d520de2f8e63c2b65f9e0f47c4e8"

[[package]]
name = "rust-ini"
version = "0.13.0"
source = "registry+https://github.com/rust-lang/crates.io-index"
checksum = "3e52c148ef37f8c375d49d5a73aa70713125b7f19095948a923f80afdeb22ec2"

[[package]]
name = "ryu"
version = "1.0.5"
source = "registry+https://github.com/rust-lang/crates.io-index"
checksum = "71d301d4193d031abdd79ff7e3dd721168a9572ef3fe51a1517aba235bd8f86e"

[[package]]
name = "serde"
version = "0.8.23"
source = "registry+https://github.com/rust-lang/crates.io-index"
checksum = "9dad3f759919b92c3068c696c15c3d17238234498bbdcc80f2c469606f948ac8"

[[package]]
name = "serde"
version = "1.0.116"
source = "registry+https://github.com/rust-lang/crates.io-index"
checksum = "96fe57af81d28386a513cbc6858332abc6117cfdb5999647c6444b8f43a370a5"
dependencies = [
 "serde_derive",
]

[[package]]
name = "serde-hjson"
version = "0.8.2"
source = "registry+https://github.com/rust-lang/crates.io-index"
checksum = "0b833c5ad67d52ced5f5938b2980f32a9c1c5ef047f0b4fb3127e7a423c76153"
dependencies = [
 "lazy_static 0.2.11",
 "linked-hash-map 0.3.0",
 "num-traits 0.1.43",
 "regex",
 "serde 0.8.23",
]

[[package]]
name = "serde_derive"
version = "1.0.116"
source = "registry+https://github.com/rust-lang/crates.io-index"
checksum = "f630a6370fd8e457873b4bd2ffdae75408bc291ba72be773772a4c2a065d9ae8"
dependencies = [
 "proc-macro2",
 "quote",
 "syn",
]

[[package]]
name = "serde_json"
version = "1.0.58"
source = "registry+https://github.com/rust-lang/crates.io-index"
checksum = "a230ea9107ca2220eea9d46de97eddcb04cd00e92d13dda78e478dd33fa82bd4"
dependencies = [
 "itoa",
 "ryu",
 "serde 1.0.116",
]

[[package]]
name = "serde_test"
version = "0.8.23"
source = "registry+https://github.com/rust-lang/crates.io-index"
checksum = "110b3dbdf8607ec493c22d5d947753282f3bae73c0f56d322af1e8c78e4c23d5"
dependencies = [
 "serde 0.8.23",
]

[[package]]
name = "syn"
version = "1.0.42"
source = "registry+https://github.com/rust-lang/crates.io-index"
checksum = "9c51d92969d209b54a98397e1b91c8ae82d8c87a7bb87df0b29aa2ad81454228"
dependencies = [
 "proc-macro2",
 "quote",
 "unicode-xid",
]

[[package]]
name = "termcolor"
version = "1.1.0"
source = "registry+https://github.com/rust-lang/crates.io-index"
checksum = "bb6bfa289a4d7c5766392812c0a1f4c1ba45afa1ad47803c11e1f407d846d75f"
dependencies = [
 "winapi-util",
]

[[package]]
name = "thread_local"
version = "1.0.1"
source = "registry+https://github.com/rust-lang/crates.io-index"
checksum = "d40c6d1b69745a6ec6fb1ca717914848da4b44ae29d9b3080cbee91d72a69b14"
dependencies = [
 "lazy_static 1.4.0",
]

[[package]]
name = "toml"
version = "0.4.10"
source = "registry+https://github.com/rust-lang/crates.io-index"
checksum = "758664fc71a3a69038656bee8b6be6477d2a6c315a6b81f7081f591bffa4111f"
dependencies = [
 "serde 1.0.116",
]

[[package]]
name = "toml"
version = "0.5.6"
source = "registry+https://github.com/rust-lang/crates.io-index"
checksum = "ffc92d160b1eef40665be3a05630d003936a3bc7da7421277846c2613e92c71a"
dependencies = [
 "serde 1.0.116",
]

[[package]]
name = "trybuild"
version = "1.0.35"
source = "registry+https://github.com/rust-lang/crates.io-index"
checksum = "b7d30fe369fd650072b352b1a9cb9587669de6b89be3b8225544012c1c45292d"
dependencies = [
 "glob",
 "lazy_static 1.4.0",
 "serde 1.0.116",
 "serde_json",
 "termcolor",
 "toml 0.5.6",
]

[[package]]
name = "unicode-xid"
version = "0.2.1"
source = "registry+https://github.com/rust-lang/crates.io-index"
checksum = "f7fe0bb3479651439c9112f72b6c505038574c9fbb575ed1bf3b797fa39dd564"

[[package]]
name = "uuid"
version = "0.8.1"
source = "registry+https://github.com/rust-lang/crates.io-index"
checksum = "9fde2f6a4bea1d6e007c4ad38c6839fa71cbb63b6dbf5b595aa38dc9b1093c11"
dependencies = [
 "rand",
 "serde 1.0.116",
]

[[package]]
name = "version_check"
version = "0.1.5"
source = "registry+https://github.com/rust-lang/crates.io-index"
checksum = "914b1a6776c4c929a602fafd8bc742e06365d4bcbe48c30f9cca5824f70dc9dd"

[[package]]
name = "wasi"
version = "0.9.0+wasi-snapshot-preview1"
source = "registry+https://github.com/rust-lang/crates.io-index"
checksum = "cccddf32554fecc6acb585f82a32a72e28b48f8c4c1883ddfeeeaa96f7d8e519"

[[package]]
name = "winapi"
version = "0.3.9"
source = "registry+https://github.com/rust-lang/crates.io-index"
checksum = "5c839a674fcd7a98952e593242ea400abe93992746761e38641405d28b00f419"
dependencies = [
 "winapi-i686-pc-windows-gnu",
 "winapi-x86_64-pc-windows-gnu",
]

[[package]]
name = "winapi-i686-pc-windows-gnu"
version = "0.4.0"
source = "registry+https://github.com/rust-lang/crates.io-index"
checksum = "ac3b87c63620426dd9b991e5ce0329eff545bccbbb34f3be09ff6fb6ab51b7b6"

[[package]]
name = "winapi-util"
version = "0.1.5"
source = "registry+https://github.com/rust-lang/crates.io-index"
checksum = "70ec6ce85bb158151cae5e5c87f95a8e97d2c0c4b001223f33a334e3ce5de178"
dependencies = [
 "winapi",
]

[[package]]
name = "winapi-x86_64-pc-windows-gnu"
version = "0.4.0"
source = "registry+https://github.com/rust-lang/crates.io-index"
checksum = "712e227841d057c1ee1cd2fb22fa7e5a5461ae8e48fa2ca79ec42cfc1931183f"

[[package]]
name = "yaml-rust"
version = "0.4.4"
source = "registry+https://github.com/rust-lang/crates.io-index"
checksum = "39f0c922f1a334134dc2f7a8b67dc5d25f0735263feec974345ff706bcf20b0d"
dependencies = [
 "linked-hash-map 0.5.3",
]
